# This file is generated by running "yarn install" inside your project.
# Manual changes might be lost - proceed with caution!

__metadata:
  version: 6

"@voraciousdev/markdown-dataset@workspace:.":
  version: 0.0.0-use.local
  resolution: "@voraciousdev/markdown-dataset@workspace:."
  languageName: unknown
  linkType: soft
